<?xml version="1.0" encoding="utf-8"?>
<Project ToolsVersion="4.0" xmlns="http://schemas.microsoft.com/developer/msbuild/2003">
  <ItemGroup>
    <Filter Include="ソース ファイル">
      <UniqueIdentifier>{4FC737F1-C7A5-4376-A066-2A32D752A2FF}</UniqueIdentifier>
      <Extensions>cpp;c;cc;cxx;c++;cppm;ixx;def;odl;idl;hpj;bat;asm;asmx</Extensions>
    </Filter>
    <Filter Include="ヘッダー ファイル">
      <UniqueIdentifier>{93995380-89BD-4b04-88EB-625FBE52EBFB}</UniqueIdentifier>
      <Extensions>h;hh;hpp;hxx;h++;hm;inl;inc;ipp;xsd</Extensions>
    </Filter>
    <Filter Include="リソース ファイル">
      <UniqueIdentifier>{67DA6AB6-F800-4c08-8B7A-83BB121AAD01}</UniqueIdentifier>
      <Extensions>rc;ico;cur;bmp;dlg;rc2;rct;bin;rgs;gif;jpg;jpeg;jpe;resx;tiff;tif;png;wav;mfcribbon-ms</Extensions>
    </Filter>
    <Filter Include="ソース ファイル\Scene">
      <UniqueIdentifier>{c2fa4900-b3bd-4b16-aeff-2ea9721c4fd5}</UniqueIdentifier>
    </Filter>
    <Filter Include="ヘッダー ファイル\Scene">
      <UniqueIdentifier>{d8020643-a341-470d-935d-42b449bf13e6}</UniqueIdentifier>
    </Filter>
    <Filter Include="ソース ファイル\GameMain">
      <UniqueIdentifier>{f9c3e87f-9df0-40c1-89d7-0069f798b62a}</UniqueIdentifier>
    </Filter>
    <Filter Include="ソース ファイル\GameMain\Battle">
      <UniqueIdentifier>{02aaea19-2b50-421a-9c2f-6f86f7e6df35}</UniqueIdentifier>
    </Filter>
    <Filter Include="ヘッダー ファイル\GameMain">
      <UniqueIdentifier>{f01b1ca5-c1d1-46c7-877d-eb774415f4ea}</UniqueIdentifier>
    </Filter>
    <Filter Include="ヘッダー ファイル\GameMain\Battle">
      <UniqueIdentifier>{5699e5cb-2ef4-4311-917f-7a035b2c9542}</UniqueIdentifier>
    </Filter>
    <Filter Include="ヘッダー ファイル\GameMain\Map">
      <UniqueIdentifier>{24409c52-5845-4aa2-b14b-6c13bfdc7ed5}</UniqueIdentifier>
    </Filter>
    <Filter Include="ソース ファイル\GameMain\Map">
      <UniqueIdentifier>{fb0ebd9d-617d-4cb6-b23a-2cb736a9babb}</UniqueIdentifier>
    </Filter>
  </ItemGroup>
  <ItemGroup>
    <ClInclude Include="define.h">
      <Filter>ヘッダー ファイル</Filter>
    </ClInclude>
    <ClInclude Include="Key.h">
      <Filter>ヘッダー ファイル</Filter>
    </ClInclude>
    <ClInclude Include="GameMainScene.h">
      <Filter>ヘッダー ファイル\Scene</Filter>
    </ClInclude>
    <ClInclude Include="SceneBase.h">
      <Filter>ヘッダー ファイル\Scene</Filter>
    </ClInclude>
    <ClInclude Include="SceneManager.h">
      <Filter>ヘッダー ファイル\Scene</Filter>
    </ClInclude>
    <ClInclude Include="TitleScene.h">
      <Filter>ヘッダー ファイル\Scene</Filter>
    </ClInclude>
    <ClInclude Include="Ui.h">
      <Filter>ヘッダー ファイル</Filter>
    </ClInclude>
    <ClInclude Include="Message.h">
      <Filter>ヘッダー ファイル</Filter>
    </ClInclude>
    <ClInclude Include="CreditScene.h">
      <Filter>ヘッダー ファイル\Scene</Filter>
    </ClInclude>
    <ClInclude Include="GameClearScene.h">
      <Filter>ヘッダー ファイル\Scene</Filter>
    </ClInclude>
    <ClInclude Include="GameOverScene.h">
      <Filter>ヘッダー ファイル\Scene</Filter>
    </ClInclude>
    <ClInclude Include="Battle.h">
      <Filter>ヘッダー ファイル\GameMain\Battle</Filter>
    </ClInclude>
    <ClInclude Include="EventManager.h">
      <Filter>ヘッダー ファイル\GameMain\Map</Filter>
    </ClInclude>
    <ClInclude Include="WorldMap.h">
      <Filter>ヘッダー ファイル\GameMain\Map</Filter>
    </ClInclude>
    <ClInclude Include="NpcBase.h">
      <Filter>ヘッダー ファイル\GameMain\Map</Filter>
    </ClInclude>
    <ClInclude Include="NpcManager.h">
      <Filter>ヘッダー ファイル\GameMain\Map</Filter>
    </ClInclude>
    <ClInclude Include="EnemyBase.h">
      <Filter>ヘッダー ファイル\GameMain\Battle</Filter>
    </ClInclude>
    <ClInclude Include="CharacterBase.h">
      <Filter>ヘッダー ファイル\GameMain\Battle</Filter>
    </ClInclude>
    <ClInclude Include="EnemyManager.h">
      <Filter>ヘッダー ファイル\GameMain\Battle</Filter>
    </ClInclude>
    <ClInclude Include="Effect.h">
      <Filter>ヘッダー ファイル\GameMain</Filter>
    </ClInclude>
  </ItemGroup>
  <ItemGroup>
    <ClCompile Include="Key.cpp">
      <Filter>ソース ファイル</Filter>
    </ClCompile>
    <ClCompile Include="GameMainScene.cpp">
      <Filter>ソース ファイル\Scene</Filter>
    </ClCompile>
    <ClCompile Include="GameOverScene.cpp">
      <Filter>ソース ファイル\Scene</Filter>
    </ClCompile>
    <ClCompile Include="SceneManager.cpp">
      <Filter>ソース ファイル\Scene</Filter>
    </ClCompile>
    <ClCompile Include="TitleScene.cpp">
      <Filter>ソース ファイル\Scene</Filter>
    </ClCompile>
    <ClCompile Include="Ui.cpp">
      <Filter>ソース ファイル</Filter>
    </ClCompile>
    <ClCompile Include="Message.cpp">
      <Filter>ソース ファイル</Filter>
    </ClCompile>
    <ClCompile Include="CreditScene.cpp">
      <Filter>ソース ファイル\Scene</Filter>
    </ClCompile>
    <ClCompile Include="GameClearScene.cpp">
      <Filter>ソース ファイル\Scene</Filter>
    </ClCompile>
    <ClCompile Include="AppMain.cpp">
      <Filter>ソース ファイル\Scene</Filter>
    </ClCompile>
    <ClCompile Include="Battle.cpp">
      <Filter>ソース ファイル\GameMain\Battle</Filter>
    </ClCompile>
    <ClCompile Include="EventManager.cpp">
      <Filter>ソース ファイル\GameMain\Map</Filter>
    </ClCompile>
    <ClCompile Include="WorldMap.cpp">
      <Filter>ソース ファイル\GameMain\Map</Filter>
    </ClCompile>
    <ClCompile Include="NpcBase.cpp">
      <Filter>ソース ファイル\GameMain\Map</Filter>
    </ClCompile>
    <ClCompile Include="NpcManager.cpp">
      <Filter>ソース ファイル\GameMain\Map</Filter>
    </ClCompile>
    <ClCompile Include="EnemyBase.cpp">
      <Filter>ソース ファイル\GameMain\Battle</Filter>
    </ClCompile>
    <ClCompile Include="Player.h">
      <Filter>ヘッダー ファイル\GameMain\Battle</Filter>
    </ClCompile>
    <ClCompile Include="CharacterBase.cpp">
      <Filter>ソース ファイル\GameMain\Battle</Filter>
    </ClCompile>
    <ClCompile Include="Player.cpp">
      <Filter>ソース ファイル\GameMain\Battle</Filter>
    </ClCompile>
    <ClCompile Include="EnemyManager.cpp">
      <Filter>ソース ファイル\GameMain\Battle</Filter>
    </ClCompile>
    <ClCompile Include="Effect.cpp">
      <Filter>ソース ファイル\GameMain</Filter>
    </ClCompile>
    <ClCompile Include="TownMap.h">
      <Filter>ヘッダー ファイル\GameMain\Map</Filter>
    </ClCompile>
    <ClCompile Include="TownMap.cpp">
      <Filter>ソース ファイル\GameMain\Map</Filter>
    </ClCompile>
    <ClCompile Include="MapBase.h">
      <Filter>ヘッダー ファイル\GameMain\Map</Filter>
    </ClCompile>
    <ClCompile Include="MapBase.cpp">
      <Filter>ソース ファイル\GameMain\Map</Filter>
    </ClCompile>
    <ClCompile Include="NameInput.h">
      <Filter>ヘッダー ファイル\GameMain</Filter>
    </ClCompile>
    <ClCompile Include="NameInput.cpp">
      <Filter>ソース ファイル\GameMain</Filter>
    </ClCompile>
  </ItemGroup>
  <ItemGroup>
    <ResourceCompile Include="Resource.rc">
      <Filter>リソース ファイル</Filter>
    </ResourceCompile>
  </ItemGroup>
</Project>